
Microsoft Visual Studio Solution File, Format Version 12.00
# Visual Studio 15
VisualStudioVersion = 15.0.27703.2047
MinimumVisualStudioVersion = 10.0.40219.1
Project("{FAE04EC0-301F-11D3-BF4B-00C04F79EFBC}") = "TIG.MakaoDLL", "TIG.MakaoDLL\TIG.MakaoDLL.csproj", "{4DD055A0-782E-4632-9BDD-649492DE5ADB}"
EndProject
Project("{FAE04EC0-301F-11D3-BF4B-00C04F79EFBC}") = "TIG.Makao", "..\TIG.Makao\TIG.Makao\TIG.Makao.csproj", "{FE234F3E-10F3-4E55-B74D-F741C98C79B9}"
EndProject
Project("{FAE04EC0-301F-11D3-BF4B-00C04F79EFBC}") = "Makao Tester", "Makao Tester\Makao Tester.csproj", "{D204B4EE-B042-49F8-A3EF-C35D6EC63DBB}"
EndProject
Global
	GlobalSection(SolutionConfigurationPlatforms) = preSolution
		Debug|Any CPU = Debug|Any CPU
		Release|Any CPU = Release|Any CPU
	EndGlobalSection
	GlobalSection(ProjectConfigurationPlatforms) = postSolution
		{4DD055A0-782E-4632-9BDD-649492DE5ADB}.Debug|Any CPU.ActiveCfg = Debug|Any CPU
		{4DD055A0-782E-4632-9BDD-649492DE5ADB}.Debug|Any CPU.Build.0 = Debug|Any CPU
		{4DD055A0-782E-4632-9BDD-649492DE5ADB}.Release|Any CPU.ActiveCfg = Release|Any CPU
		{4DD055A0-782E-4632-9BDD-649492DE5ADB}.Release|Any CPU.Build.0 = Release|Any CPU
		{FE234F3E-10F3-4E55-B74D-F741C98C79B9}.Debug|Any CPU.ActiveCfg = Debug|Any CPU
		{FE234F3E-10F3-4E55-B74D-F741C98C79B9}.Debug|Any CPU.Build.0 = Debug|Any CPU
		{FE234F3E-10F3-4E55-B74D-F741C98C79B9}.Release|Any CPU.ActiveCfg = Release|Any CPU
		{FE234F3E-10F3-4E55-B74D-F741C98C79B9}.Release|Any CPU.Build.0 = Release|Any CPU
		{D204B4EE-B042-49F8-A3EF-C35D6EC63DBB}.Debug|Any CPU.ActiveCfg = Debug|Any CPU
		{D204B4EE-B042-49F8-A3EF-C35D6EC63DBB}.Debug|Any CPU.Build.0 = Debug|Any CPU
		{D204B4EE-B042-49F8-A3EF-C35D6EC63DBB}.Release|Any CPU.ActiveCfg = Release|Any CPU
		{D204B4EE-B042-49F8-A3EF-C35D6EC63DBB}.Release|Any CPU.Build.0 = Release|Any CPU
	EndGlobalSection
	GlobalSection(SolutionProperties) = preSolution
		HideSolutionNode = FALSE
	EndGlobalSection
	GlobalSection(ExtensibilityGlobals) = postSolution
		SolutionGuid = {2DE8FF91-D8CE-4B09-93ED-AE8B7619099C}
	EndGlobalSection
EndGlobal
